
Microsoft Visual Studio Solution File, Format Version 12.00
# Visual Studio Version 16
VisualStudioVersion = 16.0.31515.178
MinimumVisualStudioVersion = 10.0.40219.1
Project("{FAE04EC0-301F-11D3-BF4B-00C04F79EFBC}") = "Blazor.ClientStorage.Samples", "Blazor.ClientStorage.Samples\Blazor.ClientStorage.Samples.csproj", "{895DD331-D604-4778-8031-25B5481B2403}"
EndProject
Global
	GlobalSection(SolutionConfigurationPlatforms) = preSolution
		Debug|Any CPU = Debug|Any CPU
		Release|Any CPU = Release|Any CPU
	EndGlobalSection
	GlobalSection(ProjectConfigurationPlatforms) = postSolution
		{895DD331-D604-4778-8031-25B5481B2403}.Debug|Any CPU.ActiveCfg = Debug|Any CPU
		{895DD331-D604-4778-8031-25B5481B2403}.Debug|Any CPU.Build.0 = Debug|Any CPU
		{895DD331-D604-4778-8031-25B5481B2403}.Release|Any CPU.ActiveCfg = Release|Any CPU
		{895DD331-D604-4778-8031-25B5481B2403}.Release|Any CPU.Build.0 = Release|Any CPU
	EndGlobalSection
	GlobalSection(SolutionProperties) = preSolution
		HideSolutionNode = FALSE
	EndGlobalSection
	GlobalSection(ExtensibilityGlobals) = postSolution
		SolutionGuid = {B1B1C2C8-7F07-4228-A0E9-FEFD7AC8AF7E}
	EndGlobalSection
EndGlobal
